
Microsoft Visual Studio Solution File, Format Version 12.00
# Visual Studio Version 17
VisualStudioVersion = 17.3.32922.545
MinimumVisualStudioVersion = 10.0.40219.1
Project("{9A19103F-16F7-4668-BE54-9A1E7A4F7556}") = "drones-api", "drones-api\drones-api.csproj", "{5147FC6F-4AE5-4C3E-8C92-478A12C48BBF}"
EndProject
Project("{FAE04EC0-301F-11D3-BF4B-00C04F79EFBC}") = "drones-api.Test", "drones-api.Test\drones-api.Test.csproj", "{26A9C147-4965-4136-9921-312773D2888D}"
	ProjectSection(ProjectDependencies) = postProject
		{5147FC6F-4AE5-4C3E-8C92-478A12C48BBF} = {5147FC6F-4AE5-4C3E-8C92-478A12C48BBF}
	EndProjectSection
EndProject
Global
	GlobalSection(SolutionConfigurationPlatforms) = preSolution
		Debug|Any CPU = Debug|Any CPU
		Release|Any CPU = Release|Any CPU
	EndGlobalSection
	GlobalSection(ProjectConfigurationPlatforms) = postSolution
		{5147FC6F-4AE5-4C3E-8C92-478A12C48BBF}.Debug|Any CPU.ActiveCfg = Debug|Any CPU
		{5147FC6F-4AE5-4C3E-8C92-478A12C48BBF}.Debug|Any CPU.Build.0 = Debug|Any CPU
		{5147FC6F-4AE5-4C3E-8C92-478A12C48BBF}.Release|Any CPU.ActiveCfg = Release|Any CPU
		{5147FC6F-4AE5-4C3E-8C92-478A12C48BBF}.Release|Any CPU.Build.0 = Release|Any CPU
		{26A9C147-4965-4136-9921-312773D2888D}.Debug|Any CPU.ActiveCfg = Debug|Any CPU
		{26A9C147-4965-4136-9921-312773D2888D}.Debug|Any CPU.Build.0 = Debug|Any CPU
		{26A9C147-4965-4136-9921-312773D2888D}.Release|Any CPU.ActiveCfg = Release|Any CPU
		{26A9C147-4965-4136-9921-312773D2888D}.Release|Any CPU.Build.0 = Release|Any CPU
	EndGlobalSection
	GlobalSection(SolutionProperties) = preSolution
		HideSolutionNode = FALSE
	EndGlobalSection
	GlobalSection(ExtensibilityGlobals) = postSolution
		SolutionGuid = {9BB220FA-87D5-4AA0-BBC0-2A5434A901F6}
	EndGlobalSection
EndGlobal
